// !$*UTF8*$!
{
	archiveVersion = 1;
	classes = {
	};
	objectVersion = 50;
	objects = {

/* Begin PBXBuildFile section */
		C4022FF889C6F93845AC3DA1 /* Pods_Amathon.framework in Frameworks */ = {isa = PBXBuildFile; fileRef = A67BFE0EFDEEC6C30FCD5DC0 /* Pods_Amathon.framework */; };
		CC3666F22101FF10002681DE /* NanumSquareR.ttf in Resources */ = {isa = PBXBuildFile; fileRef = CC3666EE2101FF0D002681DE /* NanumSquareR.ttf */; };
		CC3666F32101FF10002681DE /* NanumSquareEB.ttf in Resources */ = {isa = PBXBuildFile; fileRef = CC3666EF2101FF0D002681DE /* NanumSquareEB.ttf */; };
		CC3666F42101FF10002681DE /* NanumSquareB.ttf in Resources */ = {isa = PBXBuildFile; fileRef = CC3666F02101FF0E002681DE /* NanumSquareB.ttf */; };
		CC3666F52101FF10002681DE /* NanumSquareL.ttf in Resources */ = {isa = PBXBuildFile; fileRef = CC3666F12101FF0F002681DE /* NanumSquareL.ttf */; };
		CC6150522101C46C004D1F1D /* AppDelegate.swift in Sources */ = {isa = PBXBuildFile; fileRef = CC6150512101C46C004D1F1D /* AppDelegate.swift */; };
		CC6150542101C46C004D1F1D /* ViewController.swift in Sources */ = {isa = PBXBuildFile; fileRef = CC6150532101C46C004D1F1D /* ViewController.swift */; };
		CC6150572101C46C004D1F1D /* Main.storyboard in Resources */ = {isa = PBXBuildFile; fileRef = CC6150552101C46C004D1F1D /* Main.storyboard */; };
		CC6150592101C46D004D1F1D /* Assets.xcassets in Resources */ = {isa = PBXBuildFile; fileRef = CC6150582101C46D004D1F1D /* Assets.xcassets */; };
		CC61505C2101C46D004D1F1D /* LaunchScreen.storyboard in Resources */ = {isa = PBXBuildFile; fileRef = CC61505A2101C46D004D1F1D /* LaunchScreen.storyboard */; };
/* End PBXBuildFile section */

/* Begin PBXFileReference section */
		4DA6D20723F1297B0391CA75 /* Pods-Amathon.debug.xcconfig */ = {isa = PBXFileReference; includeInIndex = 1; lastKnownFileType = text.xcconfig; name = "Pods-Amathon.debug.xcconfig"; path = "Pods/Target Support Files/Pods-Amathon/Pods-Amathon.debug.xcconfig"; sourceTree = "<group>"; };
		A67BFE0EFDEEC6C30FCD5DC0 /* Pods_Amathon.framework */ = {isa = PBXFileReference; explicitFileType = wrapper.framework; includeInIndex = 0; path = Pods_Amathon.framework; sourceTree = BUILT_PRODUCTS_DIR; };
		C84F6EF67097FBCB14E559EE /* Pods-Amathon.release.xcconfig */ = {isa = PBXFileReference; includeInIndex = 1; lastKnownFileType = text.xcconfig; name = "Pods-Amathon.release.xcconfig"; path = "Pods/Target Support Files/Pods-Amathon/Pods-Amathon.release.xcconfig"; sourceTree = "<group>"; };
		CC3666EE2101FF0D002681DE /* NanumSquareR.ttf */ = {isa = PBXFileReference; lastKnownFileType = file; path = NanumSquareR.ttf; sourceTree = "<group>"; };
		CC3666EF2101FF0D002681DE /* NanumSquareEB.ttf */ = {isa = PBXFileReference; lastKnownFileType = file; path = NanumSquareEB.ttf; sourceTree = "<group>"; };
		CC3666F02101FF0E002681DE /* NanumSquareB.ttf */ = {isa = PBXFileReference; lastKnownFileType = file; path = NanumSquareB.ttf; sourceTree = "<group>"; };
		CC3666F12101FF0F002681DE /* NanumSquareL.ttf */ = {isa = PBXFileReference; lastKnownFileType = file; path = NanumSquareL.ttf; sourceTree = "<group>"; };
		CC61504E2101C46C004D1F1D /* Amathon.app */ = {isa = PBXFileReference; explicitFileType = wrapper.application; includeInIndex = 0; path = Amathon.app; sourceTree = BUILT_PRODUCTS_DIR; };
		CC6150512101C46C004D1F1D /* AppDelegate.swift */ = {isa = PBXFileReference; lastKnownFileType = sourcecode.swift; path = AppDelegate.swift; sourceTree = "<group>"; };
		CC6150532101C46C004D1F1D /* ViewController.swift */ = {isa = PBXFileReference; lastKnownFileType = sourcecode.swift; path = ViewController.swift; sourceTree = "<group>"; };
		CC6150562101C46C004D1F1D /* Base */ = {isa = PBXFileReference; lastKnownFileType = file.storyboard; name = Base; path = Base.lproj/Main.storyboard; sourceTree = "<group>"; };
		CC6150582101C46D004D1F1D /* Assets.xcassets */ = {isa = PBXFileReference; lastKnownFileType = folder.assetcatalog; path = Assets.xcassets; sourceTree = "<group>"; };
		CC61505B2101C46D004D1F1D /* Base */ = {isa = PBXFileReference; lastKnownFileType = file.storyboard; name = Base; path = Base.lproj/LaunchScreen.storyboard; sourceTree = "<group>"; };
		CC61505D2101C46D004D1F1D /* Info.plist */ = {isa = PBXFileReference; lastKnownFileType = text.plist.xml; path = Info.plist; sourceTree = "<group>"; };
/* End PBXFileReference section */

/* Begin PBXFrameworksBuildPhase section */
		CC61504B2101C46C004D1F1D /* Frameworks */ = {
			isa = PBXFrameworksBuildPhase;
			buildActionMask = 2147483647;
			files = (
				C4022FF889C6F93845AC3DA1 /* Pods_Amathon.framework in Frameworks */,
			);
			runOnlyForDeploymentPostprocessing = 0;
		};
/* End PBXFrameworksBuildPhase section */

/* Begin PBXGroup section */
		2E001E9DED936AEB00CF2BB7 /* Frameworks */ = {
			isa = PBXGroup;
			children = (
				A67BFE0EFDEEC6C30FCD5DC0 /* Pods_Amathon.framework */,
			);
			name = Frameworks;
			sourceTree = "<group>";
		};
		AB1C789D3B1EA6829F541736 /* Pods */ = {
			isa = PBXGroup;
			children = (
				4DA6D20723F1297B0391CA75 /* Pods-Amathon.debug.xcconfig */,
				C84F6EF67097FBCB14E559EE /* Pods-Amathon.release.xcconfig */,
			);
			name = Pods;
			sourceTree = "<group>";
		};
		CC6150452101C46C004D1F1D = {
			isa = PBXGroup;
			children = (
				CC6150502101C46C004D1F1D /* Amathon */,
				CC61504F2101C46C004D1F1D /* Products */,
				AB1C789D3B1EA6829F541736 /* Pods */,
				2E001E9DED936AEB00CF2BB7 /* Frameworks */,
			);
			sourceTree = "<group>";
		};
		CC61504F2101C46C004D1F1D /* Products */ = {
			isa = PBXGroup;
			children = (
				CC61504E2101C46C004D1F1D /* Amathon.app */,
			);
			name = Products;
			sourceTree = "<group>";
		};
		CC6150502101C46C004D1F1D /* Amathon */ = {
			isa = PBXGroup;
			children = (
				CC6150652101F3B4004D1F1D /* Font */,
				CC6150642101CC6A004D1F1D /* yong */,
				CC6150632101CC53004D1F1D /* choyi */,
				CC6150512101C46C004D1F1D /* AppDelegate.swift */,
				CC6150532101C46C004D1F1D /* ViewController.swift */,
				CC6150552101C46C004D1F1D /* Main.storyboard */,
				CC6150582101C46D004D1F1D /* Assets.xcassets */,
				CC61505A2101C46D004D1F1D /* LaunchScreen.storyboard */,
				CC61505D2101C46D004D1F1D /* Info.plist */,
			);
			path = Amathon;
			sourceTree = "<group>";
		};
		CC6150632101CC53004D1F1D /* choyi */ = {
			isa = PBXGroup;
			children = (
			);
			path = choyi;
			sourceTree = "<group>";
		};
		CC6150642101CC6A004D1F1D /* yong */ = {
			isa = PBXGroup;
			children = (
			);
			path = yong;
			sourceTree = "<group>";
		};
		CC6150652101F3B4004D1F1D /* Font */ = {
			isa = PBXGroup;
			children = (
				CC3666F02101FF0E002681DE /* NanumSquareB.ttf */,
				CC3666EF2101FF0D002681DE /* NanumSquareEB.ttf */,
				CC3666F12101FF0F002681DE /* NanumSquareL.ttf */,
				CC3666EE2101FF0D002681DE /* NanumSquareR.ttf */,
			);
			path = Font;
			sourceTree = "<group>";
		};
/* End PBXGroup section */

/* Begin PBXNativeTarget section */
		CC61504D2101C46C004D1F1D /* Amathon */ = {
			isa = PBXNativeTarget;
			buildConfigurationList = CC6150602101C46D004D1F1D /* Build configuration list for PBXNativeTarget "Amathon" */;
			buildPhases = (
				98C1D0BF91D12006E34FD0B4 /* [CP] Check Pods Manifest.lock */,
				CC61504A2101C46C004D1F1D /* Sources */,
				CC61504B2101C46C004D1F1D /* Frameworks */,
				CC61504C2101C46C004D1F1D /* Resources */,
				B6552B043FF25C5AAA08BD50 /* [CP] Copy Pods Resources */,
				C6A1C57C315A5000C7624EAC /* [CP] Embed Pods Frameworks */,
			);
			buildRules = (
			);
			dependencies = (
			);
			name = Amathon;
			productName = Amathon;
			productReference = CC61504E2101C46C004D1F1D /* Amathon.app */;
			productType = "com.apple.product-type.application";
		};
/* End PBXNativeTarget section */

/* Begin PBXProject section */
		CC6150462101C46C004D1F1D /* Project object */ = {
			isa = PBXProject;
			attributes = {
				LastSwiftUpdateCheck = 0940;
				LastUpgradeCheck = 0940;
				ORGANIZATIONNAME = "장한솔";
				TargetAttributes = {
					CC61504D2101C46C004D1F1D = {
						CreatedOnToolsVersion = 9.4.1;
					};
				};
			};
			buildConfigurationList = CC6150492101C46C004D1F1D /* Build configuration list for PBXProject "Amathon" */;
			compatibilityVersion = "Xcode 9.3";
			developmentRegion = en;
			hasScannedForEncodings = 0;
			knownRegions = (
				en,
				Base,
			);
			mainGroup = CC6150452101C46C004D1F1D;
			productRefGroup = CC61504F2101C46C004D1F1D /* Products */;
			projectDirPath = "";
			projectRoot = "";
			targets = (
				CC61504D2101C46C004D1F1D /* Amathon */,
			);
		};
/* End PBXProject section */

/* Begin PBXResourcesBuildPhase section */
		CC61504C2101C46C004D1F1D /* Resources */ = {
			isa = PBXResourcesBuildPhase;
			buildActionMask = 2147483647;
			files = (
				CC61505C2101C46D004D1F1D /* LaunchScreen.storyboard in Resources */,
				CC6150592101C46D004D1F1D /* Assets.xcassets in Resources */,
				CC3666F22101FF10002681DE /* NanumSquareR.ttf in Resources */,
				CC3666F32101FF10002681DE /* NanumSquareEB.ttf in Resources */,
				CC3666F42101FF10002681DE /* NanumSquareB.ttf in Resources */,
				CC6150572101C46C004D1F1D /* Main.storyboard in Resources */,
				CC3666F52101FF10002681DE /* NanumSquareL.ttf in Resources */,
			);
			runOnlyForDeploymentPostprocessing = 0;
		};
/* End PBXResourcesBuildPhase section */

/* Begin PBXShellScriptBuildPhase section */
		98C1D0BF91D12006E34FD0B4 /* [CP] Check Pods Manifest.lock */ = {
			isa = PBXShellScriptBuildPhase;
			buildActionMask = 2147483647;
			files = (
			);
			inputPaths = (
				"${PODS_PODFILE_DIR_PATH}/Podfile.lock",
				"${PODS_ROOT}/Manifest.lock",
			);
			name = "[CP] Check Pods Manifest.lock";
			outputPaths = (
				"$(DERIVED_FILE_DIR)/Pods-Amathon-checkManifestLockResult.txt",
			);
			runOnlyForDeploymentPostprocessing = 0;
			shellPath = /bin/sh;
			shellScript = "diff \"${PODS_PODFILE_DIR_PATH}/Podfile.lock\" \"${PODS_ROOT}/Manifest.lock\" > /dev/null\nif [ $? != 0 ] ; then\n    # print error to STDERR\n    echo \"error: The sandbox is not in sync with the Podfile.lock. Run 'pod install' or update your CocoaPods installation.\" >&2\n    exit 1\nfi\n# This output is used by Xcode 'outputs' to avoid re-running this script phase.\necho \"SUCCESS\" > \"${SCRIPT_OUTPUT_FILE_0}\"\n";
			showEnvVarsInLog = 0;
		};
		B6552B043FF25C5AAA08BD50 /* [CP] Copy Pods Resources */ = {
			isa = PBXShellScriptBuildPhase;
			buildActionMask = 2147483647;
			files = (
			);
			inputPaths = (
				"${SRCROOT}/Pods/Target Support Files/Pods-Amathon/Pods-Amathon-resources.sh",
				"${PODS_ROOT}/GoogleMaps/Maps/Frameworks/GoogleMaps.framework/Resources/GoogleMaps.bundle",
				"${PODS_ROOT}/GooglePlaces/Frameworks/GooglePlaces.framework/Resources/GooglePlaces.bundle",
			);
			name = "[CP] Copy Pods Resources";
			outputPaths = (
				"${TARGET_BUILD_DIR}/${UNLOCALIZED_RESOURCES_FOLDER_PATH}/GoogleMaps.bundle",
				"${TARGET_BUILD_DIR}/${UNLOCALIZED_RESOURCES_FOLDER_PATH}/GooglePlaces.bundle",
			);
			runOnlyForDeploymentPostprocessing = 0;
			shellPath = /bin/sh;
			shellScript = "\"${SRCROOT}/Pods/Target Support Files/Pods-Amathon/Pods-Amathon-resources.sh\"\n";
			showEnvVarsInLog = 0;
		};
		C6A1C57C315A5000C7624EAC /* [CP] Embed Pods Frameworks */ = {
			isa = PBXShellScriptBuildPhase;
			buildActionMask = 2147483647;
			files = (
			);
			inputPaths = (
				"${SRCROOT}/Pods/Target Support Files/Pods-Amathon/Pods-Amathon-frameworks.sh",
				"${BUILT_PRODUCTS_DIR}/Alamofire/Alamofire.framework",
				"${BUILT_PRODUCTS_DIR}/Kingfisher/Kingfisher.framework",
				"${BUILT_PRODUCTS_DIR}/SwiftyJSON/SwiftyJSON.framework",
			);
			name = "[CP] Embed Pods Frameworks";
			outputPaths = (
				"${TARGET_BUILD_DIR}/${FRAMEWORKS_FOLDER_PATH}/Alamofire.framework",
				"${TARGET_BUILD_DIR}/${FRAMEWORKS_FOLDER_PATH}/Kingfisher.framework",
				"${TARGET_BUILD_DIR}/${FRAMEWORKS_FOLDER_PATH}/SwiftyJSON.framework",
			);
			runOnlyForDeploymentPostprocessing = 0;
			shellPath = /bin/sh;
			shellScript = "\"${SRCROOT}/Pods/Target Support Files/Pods-Amathon/Pods-Amathon-frameworks.sh\"\n";
			showEnvVarsInLog = 0;
		};
/* End PBXShellScriptBuildPhase section */

/* Begin PBXSourcesBuildPhase section */
		CC61504A2101C46C004D1F1D /* Sources */ = {
			isa = PBXSourcesBuildPhase;
			buildActionMask = 2147483647;
			files = (
				CC6150542101C46C004D1F1D /* ViewController.swift in Sources */,
				CC6150522101C46C004D1F1D /* AppDelegate.swift in Sources */,
			);
			runOnlyForDeploymentPostprocessing = 0;
		};
/* End PBXSourcesBuildPhase section */

/* Begin PBXVariantGroup section */
		CC6150552101C46C004D1F1D /* Main.storyboard */ = {
			isa = PBXVariantGroup;
			children = (
				CC6150562101C46C004D1F1D /* Base */,
			);
			name = Main.storyboard;
			sourceTree = "<group>";
		};
		CC61505A2101C46D004D1F1D /* LaunchScreen.storyboard */ = {
			isa = PBXVariantGroup;
			children = (
				CC61505B2101C46D004D1F1D /* Base */,
			);
			name = LaunchScreen.storyboard;
			sourceTree = "<group>";
		};
/* End PBXVariantGroup section */

/* Begin XCBuildConfiguration section */
		CC61505E2101C46D004D1F1D /* Debug */ = {
			isa = XCBuildConfiguration;
			buildSettings = {
				ALWAYS_SEARCH_USER_PATHS = NO;
				CLANG_ANALYZER_NONNULL = YES;
				CLANG_ANALYZER_NUMBER_OBJECT_CONVERSION = YES_AGGRESSIVE;
				CLANG_CXX_LANGUAGE_STANDARD = "gnu++14";
				CLANG_CXX_LIBRARY = "libc++";
				CLANG_ENABLE_MODULES = YES;
				CLANG_ENABLE_OBJC_ARC = YES;
				CLANG_ENABLE_OBJC_WEAK = YES;
				CLANG_WARN_BLOCK_CAPTURE_AUTORELEASING = YES;
				CLANG_WARN_BOOL_CONVERSION = YES;
				CLANG_WARN_COMMA = YES;
				CLANG_WARN_CONSTANT_CONVERSION = YES;
				CLANG_WARN_DEPRECATED_OBJC_IMPLEMENTATIONS = YES;
				CLANG_WARN_DIRECT_OBJC_ISA_USAGE = YES_ERROR;
				CLANG_WARN_DOCUMENTATION_COMMENTS = YES;
				CLANG_WARN_EMPTY_BODY = YES;
				CLANG_WARN_ENUM_CONVERSION = YES;
				CLANG_WARN_INFINITE_RECURSION = YES;
				CLANG_WARN_INT_CONVERSION = YES;
				CLANG_WARN_NON_LITERAL_NULL_CONVERSION = YES;
				CLANG_WARN_OBJC_IMPLICIT_RETAIN_SELF = YES;
				CLANG_WARN_OBJC_LITERAL_CONVERSION = YES;
				CLANG_WARN_OBJC_ROOT_CLASS = YES_ERROR;
				CLANG_WARN_RANGE_LOOP_ANALYSIS = YES;
				CLANG_WARN_STRICT_PROTOTYPES = YES;
				CLANG_WARN_SUSPICIOUS_MOVE = YES;
				CLANG_WARN_UNGUARDED_AVAILABILITY = YES_AGGRESSIVE;
				CLANG_WARN_UNREACHABLE_CODE = YES;
				CLANG_WARN__DUPLICATE_METHOD_MATCH = YES;
				CODE_SIGN_IDENTITY = "iPhone Developer";
				COPY_PHASE_STRIP = NO;
				DEBUG_INFORMATION_FORMAT = dwarf;
				ENABLE_STRICT_OBJC_MSGSEND = YES;
				ENABLE_TESTABILITY = YES;
				GCC_C_LANGUAGE_STANDARD = gnu11;
				GCC_DYNAMIC_NO_PIC = NO;
				GCC_NO_COMMON_BLOCKS = YES;
				GCC_OPTIMIZATION_LEVEL = 0;
				GCC_PREPROCESSOR_DEFINITIONS = (
					"DEBUG=1",
					"$(inherited)",
				);
				GCC_WARN_64_TO_32_BIT_CONVERSION = YES;
				GCC_WARN_ABOUT_RETURN_TYPE = YES_ERROR;
				GCC_WARN_UNDECLARED_SELECTOR = YES;
				GCC_WARN_UNINITIALIZED_AUTOS = YES_AGGRESSIVE;
				GCC_WARN_UNUSED_FUNCTION = YES;
				GCC_WARN_UNUSED_VARIABLE = YES;
				IPHONEOS_DEPLOYMENT_TARGET = 11.4;
				MTL_ENABLE_DEBUG_INFO = YES;
				ONLY_ACTIVE_ARCH = YES;
				SDKROOT = iphoneos;
				SWIFT_ACTIVE_COMPILATION_CONDITIONS = DEBUG;
				SWIFT_OPTIMIZATION_LEVEL = "-Onone";
			};
			name = Debug;
		};
		CC61505F2101C46D004D1F1D /* Release */ = {
			isa = XCBuildConfiguration;
			buildSettings = {
				ALWAYS_SEARCH_USER_PATHS = NO;
				CLANG_ANALYZER_NONNULL = YES;
				CLANG_ANALYZER_NUMBER_OBJECT_CONVERSION = YES_AGGRESSIVE;
				CLANG_CXX_LANGUAGE_STANDARD = "gnu++14";
				CLANG_CXX_LIBRARY = "libc++";
				CLANG_ENABLE_MODULES = YES;
				CLANG_ENABLE_OBJC_ARC = YES;
				CLANG_ENABLE_OBJC_WEAK = YES;
				CLANG_WARN_BLOCK_CAPTURE_AUTORELEASING = YES;
				CLANG_WARN_BOOL_CONVERSION = YES;
				CLANG_WARN_COMMA = YES;
				CLANG_WARN_CONSTANT_CONVERSION = YES;
				CLANG_WARN_DEPRECATED_OBJC_IMPLEMENTATIONS = YES;
				CLANG_WARN_DIRECT_OBJC_ISA_USAGE = YES_ERROR;
				CLANG_WARN_DOCUMENTATION_COMMENTS = YES;
				CLANG_WARN_EMPTY_BODY = YES;
				CLANG_WARN_ENUM_CONVERSION = YES;
				CLANG_WARN_INFINITE_RECURSION = YES;
				CLANG_WARN_INT_CONVERSION = YES;
				CLANG_WARN_NON_LITERAL_NULL_CONVERSION = YES;
				CLANG_WARN_OBJC_IMPLICIT_RETAIN_SELF = YES;
				CLANG_WARN_OBJC_LITERAL_CONVERSION = YES;
				CLANG_WARN_OBJC_ROOT_CLASS = YES_ERROR;
				CLANG_WARN_RANGE_LOOP_ANALYSIS = YES;
				CLANG_WARN_STRICT_PROTOTYPES = YES;
				CLANG_WARN_SUSPICIOUS_MOVE = YES;
				CLANG_WARN_UNGUARDED_AVAILABILITY = YES_AGGRESSIVE;
				CLANG_WARN_UNREACHABLE_CODE = YES;
				CLANG_WARN__DUPLICATE_METHOD_MATCH = YES;
				CODE_SIGN_IDENTITY = "iPhone Developer";
				COPY_PHASE_STRIP = NO;
				DEBUG_INFORMATION_FORMAT = "dwarf-with-dsym";
				ENABLE_NS_ASSERTIONS = NO;
				ENABLE_STRICT_OBJC_MSGSEND = YES;
				GCC_C_LANGUAGE_STANDARD = gnu11;
				GCC_NO_COMMON_BLOCKS = YES;
				GCC_WARN_64_TO_32_BIT_CONVERSION = YES;
				GCC_WARN_ABOUT_RETURN_TYPE = YES_ERROR;
				GCC_WARN_UNDECLARED_SELECTOR = YES;
				GCC_WARN_UNINITIALIZED_AUTOS = YES_AGGRESSIVE;
				GCC_WARN_UNUSED_FUNCTION = YES;
				GCC_WARN_UNUSED_VARIABLE = YES;
				IPHONEOS_DEPLOYMENT_TARGET = 11.4;
				MTL_ENABLE_DEBUG_INFO = NO;
				SDKROOT = iphoneos;
				SWIFT_COMPILATION_MODE = wholemodule;
				SWIFT_OPTIMIZATION_LEVEL = "-O";
				VALIDATE_PRODUCT = YES;
			};
			name = Release;
		};
		CC6150612101C46D004D1F1D /* Debug */ = {
			isa = XCBuildConfiguration;
			baseConfigurationReference = 4DA6D20723F1297B0391CA75 /* Pods-Amathon.debug.xcconfig */;
			buildSettings = {
				ASSETCATALOG_COMPILER_APPICON_NAME = AppIcon;
				CODE_SIGN_STYLE = Automatic;
				DEVELOPMENT_TEAM = T5Y35W5FL6;
				INFOPLIST_FILE = Amathon/Info.plist;
				LD_RUNPATH_SEARCH_PATHS = (
					"$(inherited)",
					"@executable_path/Frameworks",
				);
				PRODUCT_BUNDLE_IDENTIFIER = hello.com.Amathon;
				PRODUCT_NAME = "$(TARGET_NAME)";
				SWIFT_VERSION = 4.0;
				TARGETED_DEVICE_FAMILY = "1,2";
			};
			name = Debug;
		};
		CC6150622101C46D004D1F1D /* Release */ = {
			isa = XCBuildConfiguration;
			baseConfigurationReference = C84F6EF67097FBCB14E559EE /* Pods-Amathon.release.xcconfig */;
			buildSettings = {
				ASSETCATALOG_COMPILER_APPICON_NAME = AppIcon;
				CODE_SIGN_STYLE = Automatic;
				DEVELOPMENT_TEAM = T5Y35W5FL6;
				INFOPLIST_FILE = Amathon/Info.plist;
				LD_RUNPATH_SEARCH_PATHS = (
					"$(inherited)",
					"@executable_path/Frameworks",
				);
				PRODUCT_BUNDLE_IDENTIFIER = hello.com.Amathon;
				PRODUCT_NAME = "$(TARGET_NAME)";
				SWIFT_VERSION = 4.0;
				TARGETED_DEVICE_FAMILY = "1,2";
			};
			name = Release;
		};
/* End XCBuildConfiguration section */

/* Begin XCConfigurationList section */
		CC6150492101C46C004D1F1D /* Build configuration list for PBXProject "Amathon" */ = {
			isa = XCConfigurationList;
			buildConfigurations = (
				CC61505E2101C46D004D1F1D /* Debug */,
				CC61505F2101C46D004D1F1D /* Release */,
			);
			defaultConfigurationIsVisible = 0;
			defaultConfigurationName = Release;
		};
		CC6150602101C46D004D1F1D /* Build configuration list for PBXNativeTarget "Amathon" */ = {
			isa = XCConfigurationList;
			buildConfigurations = (
				CC6150612101C46D004D1F1D /* Debug */,
				CC6150622101C46D004D1F1D /* Release */,
			);
			defaultConfigurationIsVisible = 0;
			defaultConfigurationName = Release;
		};
/* End XCConfigurationList section */
	};
	rootObject = CC6150462101C46C004D1F1D /* Project object */;
}
